
Microsoft Visual Studio Solution File, Format Version 12.00
Project("{FAE04EC0-301F-11D3-BF4B-00C04F79EFBC}") = "Antifreeze", "Antifreeze.csproj", "{DE412C9F-829B-4422-BDD8-FBB4E67B4B3B}"
EndProject
Global
	GlobalSection(SolutionConfigurationPlatforms) = preSolution
		Debug|Any CPU = Debug|Any CPU
		Release|Any CPU = Release|Any CPU
	EndGlobalSection
	GlobalSection(ProjectConfigurationPlatforms) = postSolution
		{DE412C9F-829B-4422-BDD8-FBB4E67B4B3B}.Debug|Any CPU.ActiveCfg = Debug|Any CPU
		{DE412C9F-829B-4422-BDD8-FBB4E67B4B3B}.Debug|Any CPU.Build.0 = Debug|Any CPU
		{DE412C9F-829B-4422-BDD8-FBB4E67B4B3B}.Release|Any CPU.ActiveCfg = Release|Any CPU
		{DE412C9F-829B-4422-BDD8-FBB4E67B4B3B}.Release|Any CPU.Build.0 = Release|Any CPU
	EndGlobalSection
EndGlobal
